// !$*UTF8*$!
{
	archiveVersion = 1;
	classes = {
	};
	objectVersion = 55;
	objects = {

/* Begin PBXBuildFile section */
		29F3AD072FD2B0A15A028535 /* Pods_MyScheduleTests.framework in Frameworks */ = {isa = PBXBuildFile; fileRef = 784BD3F25F313778398DC624 /* Pods_MyScheduleTests.framework */; };
		8B29B19458F340097C9D251F /* Pods_MySchedule.framework in Frameworks */ = {isa = PBXBuildFile; fileRef = A3F4A55299691685250D722D /* Pods_MySchedule.framework */; };
		AEFFC09CBFA3D1A42063A000 /* Pods_MySchedule_MyScheduleUITests.framework in Frameworks */ = {isa = PBXBuildFile; fileRef = 19328B3D191E54D230930E44 /* Pods_MySchedule_MyScheduleUITests.framework */; };
		FA01356D2833AEBB00D05714 /* UIStackView.swift in Sources */ = {isa = PBXBuildFile; fileRef = FA01356C2833AEBB00D05714 /* UIStackView.swift */; };
		FA01356F2833CCF700D05714 /* UILabel.swift in Sources */ = {isa = PBXBuildFile; fileRef = FA01356E2833CCF700D05714 /* UILabel.swift */; };
		FA0135722833E90A00D05714 /* UIFont.swift in Sources */ = {isa = PBXBuildFile; fileRef = FA0135712833E90A00D05714 /* UIFont.swift */; };
		FA0135742836DDF900D05714 /* TasksTableViewCell.swift in Sources */ = {isa = PBXBuildFile; fileRef = FA0135732836DDF900D05714 /* TasksTableViewCell.swift */; };
		FA0135772837903F00D05714 /* PressButtonProtocols.swift in Sources */ = {isa = PBXBuildFile; fileRef = FA0135762837903F00D05714 /* PressButtonProtocols.swift */; };
		FA06D2D7283A84F700F683BB /* Goals in Resources */ = {isa = PBXBuildFile; fileRef = FA06D2D6283A84F700F683BB /* Goals */; };
		FA06D2D9283A871100F683BB /* SсheduleOptionsTableVC.swift in Sources */ = {isa = PBXBuildFile; fileRef = FA06D2D8283A871100F683BB /* SсheduleOptionsTableVC.swift */; };
		FA06D2E3283A921500F683BB /* OptionsTableViewCell.swift in Sources */ = {isa = PBXBuildFile; fileRef = FA06D2E2283A921500F683BB /* OptionsTableViewCell.swift */; };
		FA06D2E5283BC13800F683BB /* HeaderOptionsTableViewCell.swift in Sources */ = {isa = PBXBuildFile; fileRef = FA06D2E4283BC13700F683BB /* HeaderOptionsTableViewCell.swift */; };
		FA0E3EEC283BEA820094FE3F /* UIColor.swift in Sources */ = {isa = PBXBuildFile; fileRef = FA0E3EEB283BEA820094FE3F /* UIColor.swift */; };
		FA5FE86C2832AECB00D03C41 /* ScheduleTableViewCell.swift in Sources */ = {isa = PBXBuildFile; fileRef = FA5FE86B2832AECB00D03C41 /* ScheduleTableViewCell.swift */; };
		FA681283283CEF6D00F78251 /* AlertDate.swift in Sources */ = {isa = PBXBuildFile; fileRef = FA681282283CEF6D00F78251 /* AlertDate.swift */; };
		FA681285283D2B8D00F78251 /* AlertTime.swift in Sources */ = {isa = PBXBuildFile; fileRef = FA681284283D2B8D00F78251 /* AlertTime.swift */; };
		FA681287283D342F00F78251 /* AlertForCellName.swift in Sources */ = {isa = PBXBuildFile; fileRef = FA681286283D342F00F78251 /* AlertForCellName.swift */; };
		FA681289283D397700F78251 /* ScheduleColorsVC.swift in Sources */ = {isa = PBXBuildFile; fileRef = FA681288283D397700F78251 /* ScheduleColorsVC.swift */; };
		FA68128B283D398F00F78251 /* TeachersVC.swift in Sources */ = {isa = PBXBuildFile; fileRef = FA68128A283D398F00F78251 /* TeachersVC.swift */; };
		FA68128D283D4D9F00F78251 /* UIAlertController.swift in Sources */ = {isa = PBXBuildFile; fileRef = FA68128C283D4D9F00F78251 /* UIAlertController.swift */; };
		FA68128F283E28FE00F78251 /* ColorTableViewCell.swift in Sources */ = {isa = PBXBuildFile; fileRef = FA68128E283E28FE00F78251 /* ColorTableViewCell.swift */; };
		FA681291283E985D00F78251 /* TaskOptionsTableVC.swift in Sources */ = {isa = PBXBuildFile; fileRef = FA681290283E985C00F78251 /* TaskOptionsTableVC.swift */; };
		FA681295283F6BF900F78251 /* TaskColorsTableVC.swift in Sources */ = {isa = PBXBuildFile; fileRef = FA681294283F6BF900F78251 /* TaskColorsTableVC.swift */; };
		FA681297283FD67600F78251 /* ContactsTableVC.swift in Sources */ = {isa = PBXBuildFile; fileRef = FA681296283FD67600F78251 /* ContactsTableVC.swift */; };
		FA681299283FD98400F78251 /* ContactsTableViewCell.swift in Sources */ = {isa = PBXBuildFile; fileRef = FA681298283FD98400F78251 /* ContactsTableViewCell.swift */; };
		FA68129B2841108300F78251 /* ContactOptionsTableVC.swift in Sources */ = {isa = PBXBuildFile; fileRef = FA68129A2841108300F78251 /* ContactOptionsTableVC.swift */; };
		FA68129D284124D000F78251 /* AlertFriendOrTeacher.swift in Sources */ = {isa = PBXBuildFile; fileRef = FA68129C284124D000F78251 /* AlertFriendOrTeacher.swift */; };
		FA68129F2842816700F78251 /* AlertPhotoOrCamera.swift in Sources */ = {isa = PBXBuildFile; fileRef = FA68129E2842816700F78251 /* AlertPhotoOrCamera.swift */; };
		FA6812A42845140B00F78251 /* ScheduleModel.swift in Sources */ = {isa = PBXBuildFile; fileRef = FA6812A32845140B00F78251 /* ScheduleModel.swift */; };
		FA6812A7284518E500F78251 /* RealmManager.swift in Sources */ = {isa = PBXBuildFile; fileRef = FA6812A6284518E500F78251 /* RealmManager.swift */; };
		FA85E142282841DD00126A5B /* AppDelegate.swift in Sources */ = {isa = PBXBuildFile; fileRef = FA85E141282841DD00126A5B /* AppDelegate.swift */; };
		FA85E144282841DD00126A5B /* SceneDelegate.swift in Sources */ = {isa = PBXBuildFile; fileRef = FA85E143282841DD00126A5B /* SceneDelegate.swift */; };
		FA85E146282841DD00126A5B /* MainTabBarController.swift in Sources */ = {isa = PBXBuildFile; fileRef = FA85E145282841DD00126A5B /* MainTabBarController.swift */; };
		FA85E14B282841DE00126A5B /* Assets.xcassets in Resources */ = {isa = PBXBuildFile; fileRef = FA85E14A282841DE00126A5B /* Assets.xcassets */; };
		FA85E14E282841DE00126A5B /* LaunchScreen.storyboard in Resources */ = {isa = PBXBuildFile; fileRef = FA85E14C282841DE00126A5B /* LaunchScreen.storyboard */; };
		FA85E159282841DE00126A5B /* MyScheduleTests.swift in Sources */ = {isa = PBXBuildFile; fileRef = FA85E158282841DE00126A5B /* MyScheduleTests.swift */; };
		FA85E163282841DE00126A5B /* MyScheduleUITests.swift in Sources */ = {isa = PBXBuildFile; fileRef = FA85E162282841DE00126A5B /* MyScheduleUITests.swift */; };
		FA85E165282841DE00126A5B /* MyScheduleUITestsLaunchTests.swift in Sources */ = {isa = PBXBuildFile; fileRef = FA85E164282841DE00126A5B /* MyScheduleUITestsLaunchTests.swift */; };
		FA85E177282850D200126A5B /* ScheduleVC.swift in Sources */ = {isa = PBXBuildFile; fileRef = FA85E176282850D100126A5B /* ScheduleVC.swift */; };
		FA85E179282850E500126A5B /* TasksVC.swift in Sources */ = {isa = PBXBuildFile; fileRef = FA85E178282850E500126A5B /* TasksVC.swift */; };
/* End PBXBuildFile section */

/* Begin PBXContainerItemProxy section */
		FA85E155282841DE00126A5B /* PBXContainerItemProxy */ = {
			isa = PBXContainerItemProxy;
			containerPortal = FA85E136282841DD00126A5B /* Project object */;
			proxyType = 1;
			remoteGlobalIDString = FA85E13D282841DD00126A5B;
			remoteInfo = MySchedule;
		};
		FA85E15F282841DE00126A5B /* PBXContainerItemProxy */ = {
			isa = PBXContainerItemProxy;
			containerPortal = FA85E136282841DD00126A5B /* Project object */;
			proxyType = 1;
			remoteGlobalIDString = FA85E13D282841DD00126A5B;
			remoteInfo = MySchedule;
		};
/* End PBXContainerItemProxy section */

/* Begin PBXFileReference section */
		19328B3D191E54D230930E44 /* Pods_MySchedule_MyScheduleUITests.framework */ = {isa = PBXFileReference; explicitFileType = wrapper.framework; includeInIndex = 0; path = Pods_MySchedule_MyScheduleUITests.framework; sourceTree = BUILT_PRODUCTS_DIR; };
		67F92A7B2BD9BCF37F0631AA /* Pods-MyScheduleTests.debug.xcconfig */ = {isa = PBXFileReference; includeInIndex = 1; lastKnownFileType = text.xcconfig; name = "Pods-MyScheduleTests.debug.xcconfig"; path = "Target Support Files/Pods-MyScheduleTests/Pods-MyScheduleTests.debug.xcconfig"; sourceTree = "<group>"; };
		784BD3F25F313778398DC624 /* Pods_MyScheduleTests.framework */ = {isa = PBXFileReference; explicitFileType = wrapper.framework; includeInIndex = 0; path = Pods_MyScheduleTests.framework; sourceTree = BUILT_PRODUCTS_DIR; };
		7CCCD299E583E5E869D1DC1A /* Pods-MySchedule.release.xcconfig */ = {isa = PBXFileReference; includeInIndex = 1; lastKnownFileType = text.xcconfig; name = "Pods-MySchedule.release.xcconfig"; path = "Target Support Files/Pods-MySchedule/Pods-MySchedule.release.xcconfig"; sourceTree = "<group>"; };
		9D386E555399DD23A8649843 /* Pods-MySchedule.debug.xcconfig */ = {isa = PBXFileReference; includeInIndex = 1; lastKnownFileType = text.xcconfig; name = "Pods-MySchedule.debug.xcconfig"; path = "Target Support Files/Pods-MySchedule/Pods-MySchedule.debug.xcconfig"; sourceTree = "<group>"; };
		A3F4A55299691685250D722D /* Pods_MySchedule.framework */ = {isa = PBXFileReference; explicitFileType = wrapper.framework; includeInIndex = 0; path = Pods_MySchedule.framework; sourceTree = BUILT_PRODUCTS_DIR; };
		BF35FD6FD3D6E8D98F65000E /* Pods-MyScheduleTests.release.xcconfig */ = {isa = PBXFileReference; includeInIndex = 1; lastKnownFileType = text.xcconfig; name = "Pods-MyScheduleTests.release.xcconfig"; path = "Target Support Files/Pods-MyScheduleTests/Pods-MyScheduleTests.release.xcconfig"; sourceTree = "<group>"; };
		E7A4723562AD420FC4A00DD2 /* Pods-MySchedule-MyScheduleUITests.debug.xcconfig */ = {isa = PBXFileReference; includeInIndex = 1; lastKnownFileType = text.xcconfig; name = "Pods-MySchedule-MyScheduleUITests.debug.xcconfig"; path = "Target Support Files/Pods-MySchedule-MyScheduleUITests/Pods-MySchedule-MyScheduleUITests.debug.xcconfig"; sourceTree = "<group>"; };
		F2058C170DD314C9A48130CF /* Pods-MySchedule-MyScheduleUITests.release.xcconfig */ = {isa = PBXFileReference; includeInIndex = 1; lastKnownFileType = text.xcconfig; name = "Pods-MySchedule-MyScheduleUITests.release.xcconfig"; path = "Target Support Files/Pods-MySchedule-MyScheduleUITests/Pods-MySchedule-MyScheduleUITests.release.xcconfig"; sourceTree = "<group>"; };
		FA01356C2833AEBB00D05714 /* UIStackView.swift */ = {isa = PBXFileReference; lastKnownFileType = sourcecode.swift; path = UIStackView.swift; sourceTree = "<group>"; };
		FA01356E2833CCF700D05714 /* UILabel.swift */ = {isa = PBXFileReference; lastKnownFileType = sourcecode.swift; path = UILabel.swift; sourceTree = "<group>"; };
		FA0135712833E90A00D05714 /* UIFont.swift */ = {isa = PBXFileReference; lastKnownFileType = sourcecode.swift; path = UIFont.swift; sourceTree = "<group>"; };
		FA0135732836DDF900D05714 /* TasksTableViewCell.swift */ = {isa = PBXFileReference; lastKnownFileType = sourcecode.swift; path = TasksTableViewCell.swift; sourceTree = "<group>"; };
		FA0135762837903F00D05714 /* PressButtonProtocols.swift */ = {isa = PBXFileReference; lastKnownFileType = sourcecode.swift; path = PressButtonProtocols.swift; sourceTree = "<group>"; };
		FA06D2D6283A84F700F683BB /* Goals */ = {isa = PBXFileReference; lastKnownFileType = text; path = Goals; sourceTree = "<group>"; };
		FA06D2D8283A871100F683BB /* SсheduleOptionsTableVC.swift */ = {isa = PBXFileReference; lastKnownFileType = sourcecode.swift; path = "SсheduleOptionsTableVC.swift"; sourceTree = "<group>"; };
		FA06D2E2283A921500F683BB /* OptionsTableViewCell.swift */ = {isa = PBXFileReference; lastKnownFileType = sourcecode.swift; path = OptionsTableViewCell.swift; sourceTree = "<group>"; };
		FA06D2E4283BC13700F683BB /* HeaderOptionsTableViewCell.swift */ = {isa = PBXFileReference; lastKnownFileType = sourcecode.swift; path = HeaderOptionsTableViewCell.swift; sourceTree = "<group>"; };
		FA0E3EEB283BEA820094FE3F /* UIColor.swift */ = {isa = PBXFileReference; lastKnownFileType = sourcecode.swift; path = UIColor.swift; sourceTree = "<group>"; };
		FA5FE86B2832AECB00D03C41 /* ScheduleTableViewCell.swift */ = {isa = PBXFileReference; lastKnownFileType = sourcecode.swift; path = ScheduleTableViewCell.swift; sourceTree = "<group>"; };
		FA681282283CEF6D00F78251 /* AlertDate.swift */ = {isa = PBXFileReference; lastKnownFileType = sourcecode.swift; path = AlertDate.swift; sourceTree = "<group>"; };
		FA681284283D2B8D00F78251 /* AlertTime.swift */ = {isa = PBXFileReference; lastKnownFileType = sourcecode.swift; path = AlertTime.swift; sourceTree = "<group>"; };
		FA681286283D342F00F78251 /* AlertForCellName.swift */ = {isa = PBXFileReference; lastKnownFileType = sourcecode.swift; path = AlertForCellName.swift; sourceTree = "<group>"; };
		FA681288283D397700F78251 /* ScheduleColorsVC.swift */ = {isa = PBXFileReference; lastKnownFileType = sourcecode.swift; path = ScheduleColorsVC.swift; sourceTree = "<group>"; };
		FA68128A283D398F00F78251 /* TeachersVC.swift */ = {isa = PBXFileReference; lastKnownFileType = sourcecode.swift; path = TeachersVC.swift; sourceTree = "<group>"; };
		FA68128C283D4D9F00F78251 /* UIAlertController.swift */ = {isa = PBXFileReference; lastKnownFileType = sourcecode.swift; path = UIAlertController.swift; sourceTree = "<group>"; };
		FA68128E283E28FE00F78251 /* ColorTableViewCell.swift */ = {isa = PBXFileReference; lastKnownFileType = sourcecode.swift; path = ColorTableViewCell.swift; sourceTree = "<group>"; };
		FA681290283E985C00F78251 /* TaskOptionsTableVC.swift */ = {isa = PBXFileReference; lastKnownFileType = sourcecode.swift; path = TaskOptionsTableVC.swift; sourceTree = "<group>"; };
		FA681294283F6BF900F78251 /* TaskColorsTableVC.swift */ = {isa = PBXFileReference; lastKnownFileType = sourcecode.swift; path = TaskColorsTableVC.swift; sourceTree = "<group>"; };
		FA681296283FD67600F78251 /* ContactsTableVC.swift */ = {isa = PBXFileReference; lastKnownFileType = sourcecode.swift; path = ContactsTableVC.swift; sourceTree = "<group>"; };
		FA681298283FD98400F78251 /* ContactsTableViewCell.swift */ = {isa = PBXFileReference; lastKnownFileType = sourcecode.swift; path = ContactsTableViewCell.swift; sourceTree = "<group>"; };
		FA68129A2841108300F78251 /* ContactOptionsTableVC.swift */ = {isa = PBXFileReference; lastKnownFileType = sourcecode.swift; path = ContactOptionsTableVC.swift; sourceTree = "<group>"; };
		FA68129C284124D000F78251 /* AlertFriendOrTeacher.swift */ = {isa = PBXFileReference; lastKnownFileType = sourcecode.swift; path = AlertFriendOrTeacher.swift; sourceTree = "<group>"; };
		FA68129E2842816700F78251 /* AlertPhotoOrCamera.swift */ = {isa = PBXFileReference; lastKnownFileType = sourcecode.swift; path = AlertPhotoOrCamera.swift; sourceTree = "<group>"; };
		FA6812A32845140B00F78251 /* ScheduleModel.swift */ = {isa = PBXFileReference; lastKnownFileType = sourcecode.swift; path = ScheduleModel.swift; sourceTree = "<group>"; };
		FA6812A6284518E500F78251 /* RealmManager.swift */ = {isa = PBXFileReference; lastKnownFileType = sourcecode.swift; path = RealmManager.swift; sourceTree = "<group>"; };
		FA85E13E282841DD00126A5B /* MySchedule.app */ = {isa = PBXFileReference; explicitFileType = wrapper.application; includeInIndex = 0; path = MySchedule.app; sourceTree = BUILT_PRODUCTS_DIR; };
		FA85E141282841DD00126A5B /* AppDelegate.swift */ = {isa = PBXFileReference; lastKnownFileType = sourcecode.swift; path = AppDelegate.swift; sourceTree = "<group>"; };
		FA85E143282841DD00126A5B /* SceneDelegate.swift */ = {isa = PBXFileReference; lastKnownFileType = sourcecode.swift; path = SceneDelegate.swift; sourceTree = "<group>"; };
		FA85E145282841DD00126A5B /* MainTabBarController.swift */ = {isa = PBXFileReference; lastKnownFileType = sourcecode.swift; path = MainTabBarController.swift; sourceTree = "<group>"; };
		FA85E14A282841DE00126A5B /* Assets.xcassets */ = {isa = PBXFileReference; lastKnownFileType = folder.assetcatalog; path = Assets.xcassets; sourceTree = "<group>"; };
		FA85E14D282841DE00126A5B /* Base */ = {isa = PBXFileReference; lastKnownFileType = file.storyboard; name = Base; path = Base.lproj/LaunchScreen.storyboard; sourceTree = "<group>"; };
		FA85E14F282841DE00126A5B /* Info.plist */ = {isa = PBXFileReference; lastKnownFileType = text.plist.xml; path = Info.plist; sourceTree = "<group>"; };
		FA85E154282841DE00126A5B /* MyScheduleTests.xctest */ = {isa = PBXFileReference; explicitFileType = wrapper.cfbundle; includeInIndex = 0; path = MyScheduleTests.xctest; sourceTree = BUILT_PRODUCTS_DIR; };
		FA85E158282841DE00126A5B /* MyScheduleTests.swift */ = {isa = PBXFileReference; lastKnownFileType = sourcecode.swift; path = MyScheduleTests.swift; sourceTree = "<group>"; };
		FA85E15E282841DE00126A5B /* MyScheduleUITests.xctest */ = {isa = PBXFileReference; explicitFileType = wrapper.cfbundle; includeInIndex = 0; path = MyScheduleUITests.xctest; sourceTree = BUILT_PRODUCTS_DIR; };
		FA85E162282841DE00126A5B /* MyScheduleUITests.swift */ = {isa = PBXFileReference; lastKnownFileType = sourcecode.swift; path = MyScheduleUITests.swift; sourceTree = "<group>"; };
		FA85E164282841DE00126A5B /* MyScheduleUITestsLaunchTests.swift */ = {isa = PBXFileReference; lastKnownFileType = sourcecode.swift; path = MyScheduleUITestsLaunchTests.swift; sourceTree = "<group>"; };
		FA85E176282850D100126A5B /* ScheduleVC.swift */ = {isa = PBXFileReference; lastKnownFileType = sourcecode.swift; path = ScheduleVC.swift; sourceTree = "<group>"; };
		FA85E178282850E500126A5B /* TasksVC.swift */ = {isa = PBXFileReference; lastKnownFileType = sourcecode.swift; path = TasksVC.swift; sourceTree = "<group>"; };
/* End PBXFileReference section */

/* Begin PBXFrameworksBuildPhase section */
		FA85E13B282841DD00126A5B /* Frameworks */ = {
			isa = PBXFrameworksBuildPhase;
			buildActionMask = 2147483647;
			files = (
				8B29B19458F340097C9D251F /* Pods_MySchedule.framework in Frameworks */,
			);
			runOnlyForDeploymentPostprocessing = 0;
		};
		FA85E151282841DE00126A5B /* Frameworks */ = {
			isa = PBXFrameworksBuildPhase;
			buildActionMask = 2147483647;
			files = (
				29F3AD072FD2B0A15A028535 /* Pods_MyScheduleTests.framework in Frameworks */,
			);
			runOnlyForDeploymentPostprocessing = 0;
		};
		FA85E15B282841DE00126A5B /* Frameworks */ = {
			isa = PBXFrameworksBuildPhase;
			buildActionMask = 2147483647;
			files = (
				AEFFC09CBFA3D1A42063A000 /* Pods_MySchedule_MyScheduleUITests.framework in Frameworks */,
			);
			runOnlyForDeploymentPostprocessing = 0;
		};
/* End PBXFrameworksBuildPhase section */

/* Begin PBXGroup section */
		791C20A9E543618D08DFDBCE /* Frameworks */ = {
			isa = PBXGroup;
			children = (
				A3F4A55299691685250D722D /* Pods_MySchedule.framework */,
				19328B3D191E54D230930E44 /* Pods_MySchedule_MyScheduleUITests.framework */,
				784BD3F25F313778398DC624 /* Pods_MyScheduleTests.framework */,
			);
			name = Frameworks;
			sourceTree = "<group>";
		};
		8D06EB61E16EB07C6F5BD9FE /* Pods */ = {
			isa = PBXGroup;
			children = (
				9D386E555399DD23A8649843 /* Pods-MySchedule.debug.xcconfig */,
				7CCCD299E583E5E869D1DC1A /* Pods-MySchedule.release.xcconfig */,
				E7A4723562AD420FC4A00DD2 /* Pods-MySchedule-MyScheduleUITests.debug.xcconfig */,
				F2058C170DD314C9A48130CF /* Pods-MySchedule-MyScheduleUITests.release.xcconfig */,
				67F92A7B2BD9BCF37F0631AA /* Pods-MyScheduleTests.debug.xcconfig */,
				BF35FD6FD3D6E8D98F65000E /* Pods-MyScheduleTests.release.xcconfig */,
			);
			path = Pods;
			sourceTree = "<group>";
		};
		FA01356A2833AE8B00D05714 /* Extensions */ = {
			isa = PBXGroup;
			children = (
				FA01356B2833AEA900D05714 /* UIKIt */,
			);
			path = Extensions;
			sourceTree = "<group>";
		};
		FA01356B2833AEA900D05714 /* UIKIt */ = {
			isa = PBXGroup;
			children = (
				FA01356C2833AEBB00D05714 /* UIStackView.swift */,
				FA01356E2833CCF700D05714 /* UILabel.swift */,
				FA0135712833E90A00D05714 /* UIFont.swift */,
				FA0E3EEB283BEA820094FE3F /* UIColor.swift */,
				FA68128C283D4D9F00F78251 /* UIAlertController.swift */,
			);
			path = UIKIt;
			sourceTree = "<group>";
		};
		FA0135752837902100D05714 /* Protocols */ = {
			isa = PBXGroup;
			children = (
				FA0135762837903F00D05714 /* PressButtonProtocols.swift */,
			);
			path = Protocols;
			sourceTree = "<group>";
		};
		FA06D2DB283A872800F683BB /* Schedule */ = {
			isa = PBXGroup;
			children = (
				FA85E176282850D100126A5B /* ScheduleVC.swift */,
				FA06D2D8283A871100F683BB /* SсheduleOptionsTableVC.swift */,
				FA681288283D397700F78251 /* ScheduleColorsVC.swift */,
			);
			path = Schedule;
			sourceTree = "<group>";
		};
		FA06D2DC283A874300F683BB /* Tasks */ = {
			isa = PBXGroup;
			children = (
				FA85E178282850E500126A5B /* TasksVC.swift */,
				FA681290283E985C00F78251 /* TaskOptionsTableVC.swift */,
				FA681294283F6BF900F78251 /* TaskColorsTableVC.swift */,
			);
			path = Tasks;
			sourceTree = "<group>";
		};
		FA06D2DD283A875000F683BB /* Contacts */ = {
			isa = PBXGroup;
			children = (
				FA681296283FD67600F78251 /* ContactsTableVC.swift */,
				FA68129A2841108300F78251 /* ContactOptionsTableVC.swift */,
				FA68128A283D398F00F78251 /* TeachersVC.swift */,
			);
			path = Contacts;
			sourceTree = "<group>";
		};
		FA06D2DE283A91CF00F683BB /* Schedule */ = {
			isa = PBXGroup;
			children = (
				FA5FE86B2832AECB00D03C41 /* ScheduleTableViewCell.swift */,
			);
			path = Schedule;
			sourceTree = "<group>";
		};
		FA06D2E0283A91DE00F683BB /* Contacts */ = {
			isa = PBXGroup;
			children = (
				FA681298283FD98400F78251 /* ContactsTableViewCell.swift */,
			);
			path = Contacts;
			sourceTree = "<group>";
		};
		FA06D2E1283A91E700F683BB /* Tasks */ = {
			isa = PBXGroup;
			children = (
				FA0135732836DDF900D05714 /* TasksTableViewCell.swift */,
			);
			path = Tasks;
			sourceTree = "<group>";
		};
		FA5FE86A2832AEAE00D03C41 /* Cell */ = {
			isa = PBXGroup;
			children = (
				FA06D2E4283BC13700F683BB /* HeaderOptionsTableViewCell.swift */,
				FA68128E283E28FE00F78251 /* ColorTableViewCell.swift */,
				FA06D2E2283A921500F683BB /* OptionsTableViewCell.swift */,
				FA06D2DE283A91CF00F683BB /* Schedule */,
				FA06D2E1283A91E700F683BB /* Tasks */,
				FA06D2E0283A91DE00F683BB /* Contacts */,
			);
			path = Cell;
			sourceTree = "<group>";
		};
		FA681281283CEF5A00F78251 /* Alert */ = {
			isa = PBXGroup;
			children = (
				FA681282283CEF6D00F78251 /* AlertDate.swift */,
				FA681284283D2B8D00F78251 /* AlertTime.swift */,
				FA681286283D342F00F78251 /* AlertForCellName.swift */,
				FA68129C284124D000F78251 /* AlertFriendOrTeacher.swift */,
				FA68129E2842816700F78251 /* AlertPhotoOrCamera.swift */,
			);
			path = Alert;
			sourceTree = "<group>";
		};
		FA6812A2284513FA00F78251 /* Realm */ = {
			isa = PBXGroup;
			children = (
				FA6812A32845140B00F78251 /* ScheduleModel.swift */,
			);
			path = Realm;
			sourceTree = "<group>";
		};
		FA6812A52845188B00F78251 /* Services */ = {
			isa = PBXGroup;
			children = (
				FA6812A6284518E500F78251 /* RealmManager.swift */,
			);
			path = Services;
			sourceTree = "<group>";
		};
		FA85E135282841DD00126A5B = {
			isa = PBXGroup;
			children = (
				FA85E140282841DD00126A5B /* MySchedule */,
				FA85E157282841DE00126A5B /* MyScheduleTests */,
				FA85E161282841DE00126A5B /* MyScheduleUITests */,
				FA85E13F282841DD00126A5B /* Products */,
				8D06EB61E16EB07C6F5BD9FE /* Pods */,
				791C20A9E543618D08DFDBCE /* Frameworks */,
			);
			sourceTree = "<group>";
		};
		FA85E13F282841DD00126A5B /* Products */ = {
			isa = PBXGroup;
			children = (
				FA85E13E282841DD00126A5B /* MySchedule.app */,
				FA85E154282841DE00126A5B /* MyScheduleTests.xctest */,
				FA85E15E282841DE00126A5B /* MyScheduleUITests.xctest */,
			);
			name = Products;
			sourceTree = "<group>";
		};
		FA85E140282841DD00126A5B /* MySchedule */ = {
			isa = PBXGroup;
			children = (
				FA85E17528284E9600126A5B /* Appllication */,
				FA85E17428284D2800126A5B /* Controllers */,
				FA85E17228284D1900126A5B /* Model */,
				FA6812A52845188B00F78251 /* Services */,
				FA01356A2833AE8B00D05714 /* Extensions */,
				FA0135752837902100D05714 /* Protocols */,
				FA85E17128284D0E00126A5B /* Resources */,
			);
			path = MySchedule;
			sourceTree = "<group>";
		};
		FA85E157282841DE00126A5B /* MyScheduleTests */ = {
			isa = PBXGroup;
			children = (
				FA85E158282841DE00126A5B /* MyScheduleTests.swift */,
			);
			path = MyScheduleTests;
			sourceTree = "<group>";
		};
		FA85E161282841DE00126A5B /* MyScheduleUITests */ = {
			isa = PBXGroup;
			children = (
				FA85E162282841DE00126A5B /* MyScheduleUITests.swift */,
				FA85E164282841DE00126A5B /* MyScheduleUITestsLaunchTests.swift */,
			);
			path = MyScheduleUITests;
			sourceTree = "<group>";
		};
		FA85E17128284D0E00126A5B /* Resources */ = {
			isa = PBXGroup;
			children = (
				FA85E14C282841DE00126A5B /* LaunchScreen.storyboard */,
				FA85E14A282841DE00126A5B /* Assets.xcassets */,
				FA85E14F282841DE00126A5B /* Info.plist */,
				FA06D2D6283A84F700F683BB /* Goals */,
			);
			path = Resources;
			sourceTree = "<group>";
		};
		FA85E17228284D1900126A5B /* Model */ = {
			isa = PBXGroup;
			children = (
				FA6812A2284513FA00F78251 /* Realm */,
				FA681281283CEF5A00F78251 /* Alert */,
				FA5FE86A2832AEAE00D03C41 /* Cell */,
			);
			path = Model;
			sourceTree = "<group>";
		};
		FA85E17428284D2800126A5B /* Controllers */ = {
			isa = PBXGroup;
			children = (
				FA85E145282841DD00126A5B /* MainTabBarController.swift */,
				FA06D2DB283A872800F683BB /* Schedule */,
				FA06D2DC283A874300F683BB /* Tasks */,
				FA06D2DD283A875000F683BB /* Contacts */,
			);
			path = Controllers;
			sourceTree = "<group>";
		};
		FA85E17528284E9600126A5B /* Appllication */ = {
			isa = PBXGroup;
			children = (
				FA85E143282841DD00126A5B /* SceneDelegate.swift */,
				FA85E141282841DD00126A5B /* AppDelegate.swift */,
			);
			path = Appllication;
			sourceTree = "<group>";
		};
/* End PBXGroup section */

/* Begin PBXNativeTarget section */
		FA85E13D282841DD00126A5B /* MySchedule */ = {
			isa = PBXNativeTarget;
			buildConfigurationList = FA85E168282841DE00126A5B /* Build configuration list for PBXNativeTarget "MySchedule" */;
			buildPhases = (
				E94550D69C1E8412DA84DA80 /* [CP] Check Pods Manifest.lock */,
				FA85E13A282841DD00126A5B /* Sources */,
				FA85E13B282841DD00126A5B /* Frameworks */,
				FA85E13C282841DD00126A5B /* Resources */,
				358448B3738BCAE78FEBE2EF /* [CP] Embed Pods Frameworks */,
			);
			buildRules = (
			);
			dependencies = (
			);
			name = MySchedule;
			productName = MySchedule;
			productReference = FA85E13E282841DD00126A5B /* MySchedule.app */;
			productType = "com.apple.product-type.application";
		};
		FA85E153282841DE00126A5B /* MyScheduleTests */ = {
			isa = PBXNativeTarget;
			buildConfigurationList = FA85E16B282841DE00126A5B /* Build configuration list for PBXNativeTarget "MyScheduleTests" */;
			buildPhases = (
				F1DBC2C6A322497F9B99171B /* [CP] Check Pods Manifest.lock */,
				FA85E150282841DE00126A5B /* Sources */,
				FA85E151282841DE00126A5B /* Frameworks */,
				FA85E152282841DE00126A5B /* Resources */,
			);
			buildRules = (
			);
			dependencies = (
				FA85E156282841DE00126A5B /* PBXTargetDependency */,
			);
			name = MyScheduleTests;
			productName = MyScheduleTests;
			productReference = FA85E154282841DE00126A5B /* MyScheduleTests.xctest */;
			productType = "com.apple.product-type.bundle.unit-test";
		};
		FA85E15D282841DE00126A5B /* MyScheduleUITests */ = {
			isa = PBXNativeTarget;
			buildConfigurationList = FA85E16E282841DE00126A5B /* Build configuration list for PBXNativeTarget "MyScheduleUITests" */;
			buildPhases = (
				51B1B8EBAD9E30D69DE2C266 /* [CP] Check Pods Manifest.lock */,
				FA85E15A282841DE00126A5B /* Sources */,
				FA85E15B282841DE00126A5B /* Frameworks */,
				FA85E15C282841DE00126A5B /* Resources */,
				572E9698C1827FE45ACE43D7 /* [CP] Embed Pods Frameworks */,
			);
			buildRules = (
			);
			dependencies = (
				FA85E160282841DE00126A5B /* PBXTargetDependency */,
			);
			name = MyScheduleUITests;
			productName = MyScheduleUITests;
			productReference = FA85E15E282841DE00126A5B /* MyScheduleUITests.xctest */;
			productType = "com.apple.product-type.bundle.ui-testing";
		};
/* End PBXNativeTarget section */

/* Begin PBXProject section */
		FA85E136282841DD00126A5B /* Project object */ = {
			isa = PBXProject;
			attributes = {
				BuildIndependentTargetsInParallel = 1;
				LastSwiftUpdateCheck = 1320;
				LastUpgradeCheck = 1320;
				TargetAttributes = {
					FA85E13D282841DD00126A5B = {
						CreatedOnToolsVersion = 13.2.1;
					};
					FA85E153282841DE00126A5B = {
						CreatedOnToolsVersion = 13.2.1;
						TestTargetID = FA85E13D282841DD00126A5B;
					};
					FA85E15D282841DE00126A5B = {
						CreatedOnToolsVersion = 13.2.1;
						TestTargetID = FA85E13D282841DD00126A5B;
					};
				};
			};
			buildConfigurationList = FA85E139282841DD00126A5B /* Build configuration list for PBXProject "MySchedule" */;
			compatibilityVersion = "Xcode 13.0";
			developmentRegion = en;
			hasScannedForEncodings = 0;
			knownRegions = (
				en,
				Base,
			);
			mainGroup = FA85E135282841DD00126A5B;
			productRefGroup = FA85E13F282841DD00126A5B /* Products */;
			projectDirPath = "";
			projectRoot = "";
			targets = (
				FA85E13D282841DD00126A5B /* MySchedule */,
				FA85E153282841DE00126A5B /* MyScheduleTests */,
				FA85E15D282841DE00126A5B /* MyScheduleUITests */,
			);
		};
/* End PBXProject section */

/* Begin PBXResourcesBuildPhase section */
		FA85E13C282841DD00126A5B /* Resources */ = {
			isa = PBXResourcesBuildPhase;
			buildActionMask = 2147483647;
			files = (
				FA06D2D7283A84F700F683BB /* Goals in Resources */,
				FA85E14E282841DE00126A5B /* LaunchScreen.storyboard in Resources */,
				FA85E14B282841DE00126A5B /* Assets.xcassets in Resources */,
			);
			runOnlyForDeploymentPostprocessing = 0;
		};
		FA85E152282841DE00126A5B /* Resources */ = {
			isa = PBXResourcesBuildPhase;
			buildActionMask = 2147483647;
			files = (
			);
			runOnlyForDeploymentPostprocessing = 0;
		};
		FA85E15C282841DE00126A5B /* Resources */ = {
			isa = PBXResourcesBuildPhase;
			buildActionMask = 2147483647;
			files = (
			);
			runOnlyForDeploymentPostprocessing = 0;
		};
/* End PBXResourcesBuildPhase section */

/* Begin PBXShellScriptBuildPhase section */
		358448B3738BCAE78FEBE2EF /* [CP] Embed Pods Frameworks */ = {
			isa = PBXShellScriptBuildPhase;
			buildActionMask = 2147483647;
			files = (
			);
			inputFileListPaths = (
				"${PODS_ROOT}/Target Support Files/Pods-MySchedule/Pods-MySchedule-frameworks-${CONFIGURATION}-input-files.xcfilelist",
			);
			name = "[CP] Embed Pods Frameworks";
			outputFileListPaths = (
				"${PODS_ROOT}/Target Support Files/Pods-MySchedule/Pods-MySchedule-frameworks-${CONFIGURATION}-output-files.xcfilelist",
			);
			runOnlyForDeploymentPostprocessing = 0;
			shellPath = /bin/sh;
			shellScript = "\"${PODS_ROOT}/Target Support Files/Pods-MySchedule/Pods-MySchedule-frameworks.sh\"\n";
			showEnvVarsInLog = 0;
		};
		51B1B8EBAD9E30D69DE2C266 /* [CP] Check Pods Manifest.lock */ = {
			isa = PBXShellScriptBuildPhase;
			buildActionMask = 2147483647;
			files = (
			);
			inputFileListPaths = (
			);
			inputPaths = (
				"${PODS_PODFILE_DIR_PATH}/Podfile.lock",
				"${PODS_ROOT}/Manifest.lock",
			);
			name = "[CP] Check Pods Manifest.lock";
			outputFileListPaths = (
			);
			outputPaths = (
				"$(DERIVED_FILE_DIR)/Pods-MySchedule-MyScheduleUITests-checkManifestLockResult.txt",
			);
			runOnlyForDeploymentPostprocessing = 0;
			shellPath = /bin/sh;
			shellScript = "diff \"${PODS_PODFILE_DIR_PATH}/Podfile.lock\" \"${PODS_ROOT}/Manifest.lock\" > /dev/null\nif [ $? != 0 ] ; then\n    # print error to STDERR\n    echo \"error: The sandbox is not in sync with the Podfile.lock. Run 'pod install' or update your CocoaPods installation.\" >&2\n    exit 1\nfi\n# This output is used by Xcode 'outputs' to avoid re-running this script phase.\necho \"SUCCESS\" > \"${SCRIPT_OUTPUT_FILE_0}\"\n";
			showEnvVarsInLog = 0;
		};
		572E9698C1827FE45ACE43D7 /* [CP] Embed Pods Frameworks */ = {
			isa = PBXShellScriptBuildPhase;
			buildActionMask = 2147483647;
			files = (
			);
			inputFileListPaths = (
				"${PODS_ROOT}/Target Support Files/Pods-MySchedule-MyScheduleUITests/Pods-MySchedule-MyScheduleUITests-frameworks-${CONFIGURATION}-input-files.xcfilelist",
			);
			name = "[CP] Embed Pods Frameworks";
			outputFileListPaths = (
				"${PODS_ROOT}/Target Support Files/Pods-MySchedule-MyScheduleUITests/Pods-MySchedule-MyScheduleUITests-frameworks-${CONFIGURATION}-output-files.xcfilelist",
			);
			runOnlyForDeploymentPostprocessing = 0;
			shellPath = /bin/sh;
			shellScript = "\"${PODS_ROOT}/Target Support Files/Pods-MySchedule-MyScheduleUITests/Pods-MySchedule-MyScheduleUITests-frameworks.sh\"\n";
			showEnvVarsInLog = 0;
		};
		E94550D69C1E8412DA84DA80 /* [CP] Check Pods Manifest.lock */ = {
			isa = PBXShellScriptBuildPhase;
			buildActionMask = 2147483647;
			files = (
			);
			inputFileListPaths = (
			);
			inputPaths = (
				"${PODS_PODFILE_DIR_PATH}/Podfile.lock",
				"${PODS_ROOT}/Manifest.lock",
			);
			name = "[CP] Check Pods Manifest.lock";
			outputFileListPaths = (
			);
			outputPaths = (
				"$(DERIVED_FILE_DIR)/Pods-MySchedule-checkManifestLockResult.txt",
			);
			runOnlyForDeploymentPostprocessing = 0;
			shellPath = /bin/sh;
			shellScript = "diff \"${PODS_PODFILE_DIR_PATH}/Podfile.lock\" \"${PODS_ROOT}/Manifest.lock\" > /dev/null\nif [ $? != 0 ] ; then\n    # print error to STDERR\n    echo \"error: The sandbox is not in sync with the Podfile.lock. Run 'pod install' or update your CocoaPods installation.\" >&2\n    exit 1\nfi\n# This output is used by Xcode 'outputs' to avoid re-running this script phase.\necho \"SUCCESS\" > \"${SCRIPT_OUTPUT_FILE_0}\"\n";
			showEnvVarsInLog = 0;
		};
		F1DBC2C6A322497F9B99171B /* [CP] Check Pods Manifest.lock */ = {
			isa = PBXShellScriptBuildPhase;
			buildActionMask = 2147483647;
			files = (
			);
			inputFileListPaths = (
			);
			inputPaths = (
				"${PODS_PODFILE_DIR_PATH}/Podfile.lock",
				"${PODS_ROOT}/Manifest.lock",
			);
			name = "[CP] Check Pods Manifest.lock";
			outputFileListPaths = (
			);
			outputPaths = (
				"$(DERIVED_FILE_DIR)/Pods-MyScheduleTests-checkManifestLockResult.txt",
			);
			runOnlyForDeploymentPostprocessing = 0;
			shellPath = /bin/sh;
			shellScript = "diff \"${PODS_PODFILE_DIR_PATH}/Podfile.lock\" \"${PODS_ROOT}/Manifest.lock\" > /dev/null\nif [ $? != 0 ] ; then\n    # print error to STDERR\n    echo \"error: The sandbox is not in sync with the Podfile.lock. Run 'pod install' or update your CocoaPods installation.\" >&2\n    exit 1\nfi\n# This output is used by Xcode 'outputs' to avoid re-running this script phase.\necho \"SUCCESS\" > \"${SCRIPT_OUTPUT_FILE_0}\"\n";
			showEnvVarsInLog = 0;
		};
/* End PBXShellScriptBuildPhase section */

/* Begin PBXSourcesBuildPhase section */
		FA85E13A282841DD00126A5B /* Sources */ = {
			isa = PBXSourcesBuildPhase;
			buildActionMask = 2147483647;
			files = (
				FA06D2E3283A921500F683BB /* OptionsTableViewCell.swift in Sources */,
				FA68128B283D398F00F78251 /* TeachersVC.swift in Sources */,
				FA85E146282841DD00126A5B /* MainTabBarController.swift in Sources */,
				FA681291283E985D00F78251 /* TaskOptionsTableVC.swift in Sources */,
				FA681299283FD98400F78251 /* ContactsTableViewCell.swift in Sources */,
				FA5FE86C2832AECB00D03C41 /* ScheduleTableViewCell.swift in Sources */,
				FA68128D283D4D9F00F78251 /* UIAlertController.swift in Sources */,
				FA681287283D342F00F78251 /* AlertForCellName.swift in Sources */,
				FA06D2D9283A871100F683BB /* SсheduleOptionsTableVC.swift in Sources */,
				FA85E177282850D200126A5B /* ScheduleVC.swift in Sources */,
				FA68129D284124D000F78251 /* AlertFriendOrTeacher.swift in Sources */,
				FA0E3EEC283BEA820094FE3F /* UIColor.swift in Sources */,
				FA01356D2833AEBB00D05714 /* UIStackView.swift in Sources */,
				FA01356F2833CCF700D05714 /* UILabel.swift in Sources */,
				FA85E142282841DD00126A5B /* AppDelegate.swift in Sources */,
				FA68129B2841108300F78251 /* ContactOptionsTableVC.swift in Sources */,
				FA85E179282850E500126A5B /* TasksVC.swift in Sources */,
				FA85E144282841DD00126A5B /* SceneDelegate.swift in Sources */,
				FA681285283D2B8D00F78251 /* AlertTime.swift in Sources */,
				FA681289283D397700F78251 /* ScheduleColorsVC.swift in Sources */,
				FA06D2E5283BC13800F683BB /* HeaderOptionsTableViewCell.swift in Sources */,
				FA0135722833E90A00D05714 /* UIFont.swift in Sources */,
				FA6812A42845140B00F78251 /* ScheduleModel.swift in Sources */,
				FA681295283F6BF900F78251 /* TaskColorsTableVC.swift in Sources */,
				FA681297283FD67600F78251 /* ContactsTableVC.swift in Sources */,
				FA6812A7284518E500F78251 /* RealmManager.swift in Sources */,
				FA68128F283E28FE00F78251 /* ColorTableViewCell.swift in Sources */,
				FA0135742836DDF900D05714 /* TasksTableViewCell.swift in Sources */,
				FA68129F2842816700F78251 /* AlertPhotoOrCamera.swift in Sources */,
				FA681283283CEF6D00F78251 /* AlertDate.swift in Sources */,
				FA0135772837903F00D05714 /* PressButtonProtocols.swift in Sources */,
			);
			runOnlyForDeploymentPostprocessing = 0;
		};
		FA85E150282841DE00126A5B /* Sources */ = {
			isa = PBXSourcesBuildPhase;
			buildActionMask = 2147483647;
			files = (
				FA85E159282841DE00126A5B /* MyScheduleTests.swift in Sources */,
			);
			runOnlyForDeploymentPostprocessing = 0;
		};
		FA85E15A282841DE00126A5B /* Sources */ = {
			isa = PBXSourcesBuildPhase;
			buildActionMask = 2147483647;
			files = (
				FA85E163282841DE00126A5B /* MyScheduleUITests.swift in Sources */,
				FA85E165282841DE00126A5B /* MyScheduleUITestsLaunchTests.swift in Sources */,
			);
			runOnlyForDeploymentPostprocessing = 0;
		};
/* End PBXSourcesBuildPhase section */

/* Begin PBXTargetDependency section */
		FA85E156282841DE00126A5B /* PBXTargetDependency */ = {
			isa = PBXTargetDependency;
			target = FA85E13D282841DD00126A5B /* MySchedule */;
			targetProxy = FA85E155282841DE00126A5B /* PBXContainerItemProxy */;
		};
		FA85E160282841DE00126A5B /* PBXTargetDependency */ = {
			isa = PBXTargetDependency;
			target = FA85E13D282841DD00126A5B /* MySchedule */;
			targetProxy = FA85E15F282841DE00126A5B /* PBXContainerItemProxy */;
		};
/* End PBXTargetDependency section */

/* Begin PBXVariantGroup section */
		FA85E14C282841DE00126A5B /* LaunchScreen.storyboard */ = {
			isa = PBXVariantGroup;
			children = (
				FA85E14D282841DE00126A5B /* Base */,
			);
			name = LaunchScreen.storyboard;
			sourceTree = "<group>";
		};
/* End PBXVariantGroup section */

/* Begin XCBuildConfiguration section */
		FA85E166282841DE00126A5B /* Debug */ = {
			isa = XCBuildConfiguration;
			buildSettings = {
				ALWAYS_SEARCH_USER_PATHS = NO;
				CLANG_ANALYZER_NONNULL = YES;
				CLANG_ANALYZER_NUMBER_OBJECT_CONVERSION = YES_AGGRESSIVE;
				CLANG_CXX_LANGUAGE_STANDARD = "gnu++17";
				CLANG_CXX_LIBRARY = "libc++";
				CLANG_ENABLE_MODULES = YES;
				CLANG_ENABLE_OBJC_ARC = YES;
				CLANG_ENABLE_OBJC_WEAK = YES;
				CLANG_WARN_BLOCK_CAPTURE_AUTORELEASING = YES;
				CLANG_WARN_BOOL_CONVERSION = YES;
				CLANG_WARN_COMMA = YES;
				CLANG_WARN_CONSTANT_CONVERSION = YES;
				CLANG_WARN_DEPRECATED_OBJC_IMPLEMENTATIONS = YES;
				CLANG_WARN_DIRECT_OBJC_ISA_USAGE = YES_ERROR;
				CLANG_WARN_DOCUMENTATION_COMMENTS = YES;
				CLANG_WARN_EMPTY_BODY = YES;
				CLANG_WARN_ENUM_CONVERSION = YES;
				CLANG_WARN_INFINITE_RECURSION = YES;
				CLANG_WARN_INT_CONVERSION = YES;
				CLANG_WARN_NON_LITERAL_NULL_CONVERSION = YES;
				CLANG_WARN_OBJC_IMPLICIT_RETAIN_SELF = YES;
				CLANG_WARN_OBJC_LITERAL_CONVERSION = YES;
				CLANG_WARN_OBJC_ROOT_CLASS = YES_ERROR;
				CLANG_WARN_QUOTED_INCLUDE_IN_FRAMEWORK_HEADER = YES;
				CLANG_WARN_RANGE_LOOP_ANALYSIS = YES;
				CLANG_WARN_STRICT_PROTOTYPES = YES;
				CLANG_WARN_SUSPICIOUS_MOVE = YES;
				CLANG_WARN_UNGUARDED_AVAILABILITY = YES_AGGRESSIVE;
				CLANG_WARN_UNREACHABLE_CODE = YES;
				CLANG_WARN__DUPLICATE_METHOD_MATCH = YES;
				COPY_PHASE_STRIP = NO;
				DEBUG_INFORMATION_FORMAT = dwarf;
				ENABLE_STRICT_OBJC_MSGSEND = YES;
				ENABLE_TESTABILITY = YES;
				GCC_C_LANGUAGE_STANDARD = gnu11;
				GCC_DYNAMIC_NO_PIC = NO;
				GCC_NO_COMMON_BLOCKS = YES;
				GCC_OPTIMIZATION_LEVEL = 0;
				GCC_PREPROCESSOR_DEFINITIONS = (
					"DEBUG=1",
					"$(inherited)",
				);
				GCC_WARN_64_TO_32_BIT_CONVERSION = YES;
				GCC_WARN_ABOUT_RETURN_TYPE = YES_ERROR;
				GCC_WARN_UNDECLARED_SELECTOR = YES;
				GCC_WARN_UNINITIALIZED_AUTOS = YES_AGGRESSIVE;
				GCC_WARN_UNUSED_FUNCTION = YES;
				GCC_WARN_UNUSED_VARIABLE = YES;
				IPHONEOS_DEPLOYMENT_TARGET = 15.2;
				MTL_ENABLE_DEBUG_INFO = INCLUDE_SOURCE;
				MTL_FAST_MATH = YES;
				ONLY_ACTIVE_ARCH = YES;
				SDKROOT = iphoneos;
				SWIFT_ACTIVE_COMPILATION_CONDITIONS = DEBUG;
				SWIFT_OPTIMIZATION_LEVEL = "-Onone";
			};
			name = Debug;
		};
		FA85E167282841DE00126A5B /* Release */ = {
			isa = XCBuildConfiguration;
			buildSettings = {
				ALWAYS_SEARCH_USER_PATHS = NO;
				CLANG_ANALYZER_NONNULL = YES;
				CLANG_ANALYZER_NUMBER_OBJECT_CONVERSION = YES_AGGRESSIVE;
				CLANG_CXX_LANGUAGE_STANDARD = "gnu++17";
				CLANG_CXX_LIBRARY = "libc++";
				CLANG_ENABLE_MODULES = YES;
				CLANG_ENABLE_OBJC_ARC = YES;
				CLANG_ENABLE_OBJC_WEAK = YES;
				CLANG_WARN_BLOCK_CAPTURE_AUTORELEASING = YES;
				CLANG_WARN_BOOL_CONVERSION = YES;
				CLANG_WARN_COMMA = YES;
				CLANG_WARN_CONSTANT_CONVERSION = YES;
				CLANG_WARN_DEPRECATED_OBJC_IMPLEMENTATIONS = YES;
				CLANG_WARN_DIRECT_OBJC_ISA_USAGE = YES_ERROR;
				CLANG_WARN_DOCUMENTATION_COMMENTS = YES;
				CLANG_WARN_EMPTY_BODY = YES;
				CLANG_WARN_ENUM_CONVERSION = YES;
				CLANG_WARN_INFINITE_RECURSION = YES;
				CLANG_WARN_INT_CONVERSION = YES;
				CLANG_WARN_NON_LITERAL_NULL_CONVERSION = YES;
				CLANG_WARN_OBJC_IMPLICIT_RETAIN_SELF = YES;
				CLANG_WARN_OBJC_LITERAL_CONVERSION = YES;
				CLANG_WARN_OBJC_ROOT_CLASS = YES_ERROR;
				CLANG_WARN_QUOTED_INCLUDE_IN_FRAMEWORK_HEADER = YES;
				CLANG_WARN_RANGE_LOOP_ANALYSIS = YES;
				CLANG_WARN_STRICT_PROTOTYPES = YES;
				CLANG_WARN_SUSPICIOUS_MOVE = YES;
				CLANG_WARN_UNGUARDED_AVAILABILITY = YES_AGGRESSIVE;
				CLANG_WARN_UNREACHABLE_CODE = YES;
				CLANG_WARN__DUPLICATE_METHOD_MATCH = YES;
				COPY_PHASE_STRIP = NO;
				DEBUG_INFORMATION_FORMAT = "dwarf-with-dsym";
				ENABLE_NS_ASSERTIONS = NO;
				ENABLE_STRICT_OBJC_MSGSEND = YES;
				GCC_C_LANGUAGE_STANDARD = gnu11;
				GCC_NO_COMMON_BLOCKS = YES;
				GCC_WARN_64_TO_32_BIT_CONVERSION = YES;
				GCC_WARN_ABOUT_RETURN_TYPE = YES_ERROR;
				GCC_WARN_UNDECLARED_SELECTOR = YES;
				GCC_WARN_UNINITIALIZED_AUTOS = YES_AGGRESSIVE;
				GCC_WARN_UNUSED_FUNCTION = YES;
				GCC_WARN_UNUSED_VARIABLE = YES;
				IPHONEOS_DEPLOYMENT_TARGET = 15.2;
				MTL_ENABLE_DEBUG_INFO = NO;
				MTL_FAST_MATH = YES;
				SDKROOT = iphoneos;
				SWIFT_COMPILATION_MODE = wholemodule;
				SWIFT_OPTIMIZATION_LEVEL = "-O";
				VALIDATE_PRODUCT = YES;
			};
			name = Release;
		};
		FA85E169282841DE00126A5B /* Debug */ = {
			isa = XCBuildConfiguration;
			baseConfigurationReference = 9D386E555399DD23A8649843 /* Pods-MySchedule.debug.xcconfig */;
			buildSettings = {
				ASSETCATALOG_COMPILER_APPICON_NAME = AppIcon;
				ASSETCATALOG_COMPILER_GLOBAL_ACCENT_COLOR_NAME = AccentColor;
				CODE_SIGN_STYLE = Automatic;
				CURRENT_PROJECT_VERSION = 1;
				DEVELOPMENT_TEAM = AFAAV4M63Z;
				GENERATE_INFOPLIST_FILE = YES;
				INFOPLIST_FILE = MySchedule/Resources/Info.plist;
				INFOPLIST_KEY_UIApplicationSupportsIndirectInputEvents = YES;
				INFOPLIST_KEY_UILaunchStoryboardName = LaunchScreen;
				INFOPLIST_KEY_UISupportedInterfaceOrientations_iPad = "UIInterfaceOrientationPortrait UIInterfaceOrientationPortraitUpsideDown UIInterfaceOrientationLandscapeLeft UIInterfaceOrientationLandscapeRight";
				INFOPLIST_KEY_UISupportedInterfaceOrientations_iPhone = "UIInterfaceOrientationPortrait UIInterfaceOrientationLandscapeLeft UIInterfaceOrientationLandscapeRight";
				IPHONEOS_DEPLOYMENT_TARGET = 14.1;
				LD_RUNPATH_SEARCH_PATHS = (
					"$(inherited)",
					"@executable_path/Frameworks",
				);
				MARKETING_VERSION = 1.0;
				PRODUCT_BUNDLE_IDENTIFIER = evdokimov.MySchedule;
				PRODUCT_NAME = "$(TARGET_NAME)";
				SWIFT_EMIT_LOC_STRINGS = YES;
				SWIFT_VERSION = 5.0;
				TARGETED_DEVICE_FAMILY = "1,2";
			};
			name = Debug;
		};
		FA85E16A282841DE00126A5B /* Release */ = {
			isa = XCBuildConfiguration;
			baseConfigurationReference = 7CCCD299E583E5E869D1DC1A /* Pods-MySchedule.release.xcconfig */;
			buildSettings = {
				ASSETCATALOG_COMPILER_APPICON_NAME = AppIcon;
				ASSETCATALOG_COMPILER_GLOBAL_ACCENT_COLOR_NAME = AccentColor;
				CODE_SIGN_STYLE = Automatic;
				CURRENT_PROJECT_VERSION = 1;
				DEVELOPMENT_TEAM = AFAAV4M63Z;
				GENERATE_INFOPLIST_FILE = YES;
				INFOPLIST_FILE = MySchedule/Resources/Info.plist;
				INFOPLIST_KEY_UIApplicationSupportsIndirectInputEvents = YES;
				INFOPLIST_KEY_UILaunchStoryboardName = LaunchScreen;
				INFOPLIST_KEY_UISupportedInterfaceOrientations_iPad = "UIInterfaceOrientationPortrait UIInterfaceOrientationPortraitUpsideDown UIInterfaceOrientationLandscapeLeft UIInterfaceOrientationLandscapeRight";
				INFOPLIST_KEY_UISupportedInterfaceOrientations_iPhone = "UIInterfaceOrientationPortrait UIInterfaceOrientationLandscapeLeft UIInterfaceOrientationLandscapeRight";
				IPHONEOS_DEPLOYMENT_TARGET = 14.1;
				LD_RUNPATH_SEARCH_PATHS = (
					"$(inherited)",
					"@executable_path/Frameworks",
				);
				MARKETING_VERSION = 1.0;
				PRODUCT_BUNDLE_IDENTIFIER = evdokimov.MySchedule;
				PRODUCT_NAME = "$(TARGET_NAME)";
				SWIFT_EMIT_LOC_STRINGS = YES;
				SWIFT_VERSION = 5.0;
				TARGETED_DEVICE_FAMILY = "1,2";
			};
			name = Release;
		};
		FA85E16C282841DE00126A5B /* Debug */ = {
			isa = XCBuildConfiguration;
			baseConfigurationReference = 67F92A7B2BD9BCF37F0631AA /* Pods-MyScheduleTests.debug.xcconfig */;
			buildSettings = {
				ALWAYS_EMBED_SWIFT_STANDARD_LIBRARIES = YES;
				BUNDLE_LOADER = "$(TEST_HOST)";
				CODE_SIGN_STYLE = Automatic;
				CURRENT_PROJECT_VERSION = 1;
				DEVELOPMENT_TEAM = AFAAV4M63Z;
				GENERATE_INFOPLIST_FILE = YES;
				IPHONEOS_DEPLOYMENT_TARGET = 15.2;
				MARKETING_VERSION = 1.0;
				PRODUCT_BUNDLE_IDENTIFIER = evdokimov.MyScheduleTests;
				PRODUCT_NAME = "$(TARGET_NAME)";
				SWIFT_EMIT_LOC_STRINGS = NO;
				SWIFT_VERSION = 5.0;
				TARGETED_DEVICE_FAMILY = "1,2";
				TEST_HOST = "$(BUILT_PRODUCTS_DIR)/MySchedule.app/MySchedule";
			};
			name = Debug;
		};
		FA85E16D282841DE00126A5B /* Release */ = {
			isa = XCBuildConfiguration;
			baseConfigurationReference = BF35FD6FD3D6E8D98F65000E /* Pods-MyScheduleTests.release.xcconfig */;
			buildSettings = {
				ALWAYS_EMBED_SWIFT_STANDARD_LIBRARIES = YES;
				BUNDLE_LOADER = "$(TEST_HOST)";
				CODE_SIGN_STYLE = Automatic;
				CURRENT_PROJECT_VERSION = 1;
				DEVELOPMENT_TEAM = AFAAV4M63Z;
				GENERATE_INFOPLIST_FILE = YES;
				IPHONEOS_DEPLOYMENT_TARGET = 15.2;
				MARKETING_VERSION = 1.0;
				PRODUCT_BUNDLE_IDENTIFIER = evdokimov.MyScheduleTests;
				PRODUCT_NAME = "$(TARGET_NAME)";
				SWIFT_EMIT_LOC_STRINGS = NO;
				SWIFT_VERSION = 5.0;
				TARGETED_DEVICE_FAMILY = "1,2";
				TEST_HOST = "$(BUILT_PRODUCTS_DIR)/MySchedule.app/MySchedule";
			};
			name = Release;
		};
		FA85E16F282841DE00126A5B /* Debug */ = {
			isa = XCBuildConfiguration;
			baseConfigurationReference = E7A4723562AD420FC4A00DD2 /* Pods-MySchedule-MyScheduleUITests.debug.xcconfig */;
			buildSettings = {
				ALWAYS_EMBED_SWIFT_STANDARD_LIBRARIES = YES;
				CODE_SIGN_STYLE = Automatic;
				CURRENT_PROJECT_VERSION = 1;
				DEVELOPMENT_TEAM = AFAAV4M63Z;
				GENERATE_INFOPLIST_FILE = YES;
				MARKETING_VERSION = 1.0;
				PRODUCT_BUNDLE_IDENTIFIER = evdokimov.MyScheduleUITests;
				PRODUCT_NAME = "$(TARGET_NAME)";
				SWIFT_EMIT_LOC_STRINGS = NO;
				SWIFT_VERSION = 5.0;
				TARGETED_DEVICE_FAMILY = "1,2";
				TEST_TARGET_NAME = MySchedule;
			};
			name = Debug;
		};
		FA85E170282841DE00126A5B /* Release */ = {
			isa = XCBuildConfiguration;
			baseConfigurationReference = F2058C170DD314C9A48130CF /* Pods-MySchedule-MyScheduleUITests.release.xcconfig */;
			buildSettings = {
				ALWAYS_EMBED_SWIFT_STANDARD_LIBRARIES = YES;
				CODE_SIGN_STYLE = Automatic;
				CURRENT_PROJECT_VERSION = 1;
				DEVELOPMENT_TEAM = AFAAV4M63Z;
				GENERATE_INFOPLIST_FILE = YES;
				MARKETING_VERSION = 1.0;
				PRODUCT_BUNDLE_IDENTIFIER = evdokimov.MyScheduleUITests;
				PRODUCT_NAME = "$(TARGET_NAME)";
				SWIFT_EMIT_LOC_STRINGS = NO;
				SWIFT_VERSION = 5.0;
				TARGETED_DEVICE_FAMILY = "1,2";
				TEST_TARGET_NAME = MySchedule;
			};
			name = Release;
		};
/* End XCBuildConfiguration section */

/* Begin XCConfigurationList section */
		FA85E139282841DD00126A5B /* Build configuration list for PBXProject "MySchedule" */ = {
			isa = XCConfigurationList;
			buildConfigurations = (
				FA85E166282841DE00126A5B /* Debug */,
				FA85E167282841DE00126A5B /* Release */,
			);
			defaultConfigurationIsVisible = 0;
			defaultConfigurationName = Release;
		};
		FA85E168282841DE00126A5B /* Build configuration list for PBXNativeTarget "MySchedule" */ = {
			isa = XCConfigurationList;
			buildConfigurations = (
				FA85E169282841DE00126A5B /* Debug */,
				FA85E16A282841DE00126A5B /* Release */,
			);
			defaultConfigurationIsVisible = 0;
			defaultConfigurationName = Release;
		};
		FA85E16B282841DE00126A5B /* Build configuration list for PBXNativeTarget "MyScheduleTests" */ = {
			isa = XCConfigurationList;
			buildConfigurations = (
				FA85E16C282841DE00126A5B /* Debug */,
				FA85E16D282841DE00126A5B /* Release */,
			);
			defaultConfigurationIsVisible = 0;
			defaultConfigurationName = Release;
		};
		FA85E16E282841DE00126A5B /* Build configuration list for PBXNativeTarget "MyScheduleUITests" */ = {
			isa = XCConfigurationList;
			buildConfigurations = (
				FA85E16F282841DE00126A5B /* Debug */,
				FA85E170282841DE00126A5B /* Release */,
			);
			defaultConfigurationIsVisible = 0;
			defaultConfigurationName = Release;
		};
/* End XCConfigurationList section */
	};
	rootObject = FA85E136282841DD00126A5B /* Project object */;
}
